// !$*UTF8*$!
{
	archiveVersion = 1;
	classes = {
	};
	objectVersion = 55;
	objects = {

/* Begin PBXBuildFile section */
		355D3FF6277B19EB00A97D7B /* AppDelegate.swift in Sources */ = {isa = PBXBuildFile; fileRef = 355D3FF5277B19EB00A97D7B /* AppDelegate.swift */; };
		355D3FF8277B19EB00A97D7B /* SceneDelegate.swift in Sources */ = {isa = PBXBuildFile; fileRef = 355D3FF7277B19EB00A97D7B /* SceneDelegate.swift */; };
		355D3FFA277B19EB00A97D7B /* ViewController.swift in Sources */ = {isa = PBXBuildFile; fileRef = 355D3FF9277B19EB00A97D7B /* ViewController.swift */; };
		355D3FFD277B19EB00A97D7B /* Main.storyboard in Resources */ = {isa = PBXBuildFile; fileRef = 355D3FFB277B19EB00A97D7B /* Main.storyboard */; };
		355D3FFF277B19F100A97D7B /* Assets.xcassets in Resources */ = {isa = PBXBuildFile; fileRef = 355D3FFE277B19F100A97D7B /* Assets.xcassets */; };
		355D4002277B19F100A97D7B /* LaunchScreen.storyboard in Resources */ = {isa = PBXBuildFile; fileRef = 355D4000277B19F100A97D7B /* LaunchScreen.storyboard */; };
		35E8FCEB277DC6800092D6CB /* logIn.swift in Sources */ = {isa = PBXBuildFile; fileRef = 35E8FCEA277DC6800092D6CB /* logIn.swift */; };
		35E8FCED277DEB510092D6CB /* GoogleService-Info.plist in Resources */ = {isa = PBXBuildFile; fileRef = 35E8FCEC277DEB500092D6CB /* GoogleService-Info.plist */; };
		35E8FCF0277DEC590092D6CB /* FirebaseAuth in Frameworks */ = {isa = PBXBuildFile; productRef = 35E8FCEF277DEC590092D6CB /* FirebaseAuth */; };
		35E8FCF2277DEC590092D6CB /* FirebaseFirestore in Frameworks */ = {isa = PBXBuildFile; productRef = 35E8FCF1277DEC590092D6CB /* FirebaseFirestore */; };
		35E8FCF4277DEC590092D6CB /* FirebaseStorage in Frameworks */ = {isa = PBXBuildFile; productRef = 35E8FCF3277DEC590092D6CB /* FirebaseStorage */; };
		35E8FCF6278193720092D6CB /* signUpPage.swift in Sources */ = {isa = PBXBuildFile; fileRef = 35E8FCF5278193720092D6CB /* signUpPage.swift */; };
		35E8FCFF278582A80092D6CB /* translatorProfile.swift in Sources */ = {isa = PBXBuildFile; fileRef = 35E8FCFE278582A80092D6CB /* translatorProfile.swift */; };
		35E8FD0127859F220092D6CB /* transBio.swift in Sources */ = {isa = PBXBuildFile; fileRef = 35E8FD0027859F220092D6CB /* transBio.swift */; };
		35E8FD03278720100092D6CB /* coustemTableCell.swift in Sources */ = {isa = PBXBuildFile; fileRef = 35E8FD02278720100092D6CB /* coustemTableCell.swift */; };
		35E8FD05279304990092D6CB /* homeTranslator.swift in Sources */ = {isa = PBXBuildFile; fileRef = 35E8FD04279304990092D6CB /* homeTranslator.swift */; };
		35E8FD0727930BC80092D6CB /* ordersPage.swift in Sources */ = {isa = PBXBuildFile; fileRef = 35E8FD0627930BC80092D6CB /* ordersPage.swift */; };
		35E8FD0927934E6E0092D6CB /* signAs.swift in Sources */ = {isa = PBXBuildFile; fileRef = 35E8FD0827934E6E0092D6CB /* signAs.swift */; };
		35E8FD0D2796A8140092D6CB /* allTranslatorCell.swift in Sources */ = {isa = PBXBuildFile; fileRef = 35E8FD0C2796A8140092D6CB /* allTranslatorCell.swift */; };
		35E8FD0F2796F7540092D6CB /* signUpTranslator.swift in Sources */ = {isa = PBXBuildFile; fileRef = 35E8FD0E2796F7540092D6CB /* signUpTranslator.swift */; };
/* End PBXBuildFile section */

/* Begin PBXFileReference section */
		355D3FF2277B19EB00A97D7B /* TranslatorsCom..app */ = {isa = PBXFileReference; explicitFileType = wrapper.application; includeInIndex = 0; path = TranslatorsCom..app; sourceTree = BUILT_PRODUCTS_DIR; };
		355D3FF5277B19EB00A97D7B /* AppDelegate.swift */ = {isa = PBXFileReference; lastKnownFileType = sourcecode.swift; path = AppDelegate.swift; sourceTree = "<group>"; };
		355D3FF7277B19EB00A97D7B /* SceneDelegate.swift */ = {isa = PBXFileReference; lastKnownFileType = sourcecode.swift; path = SceneDelegate.swift; sourceTree = "<group>"; };
		355D3FF9277B19EB00A97D7B /* ViewController.swift */ = {isa = PBXFileReference; lastKnownFileType = sourcecode.swift; path = ViewController.swift; sourceTree = "<group>"; };
		355D3FFC277B19EB00A97D7B /* Base */ = {isa = PBXFileReference; lastKnownFileType = file.storyboard; name = Base; path = Base.lproj/Main.storyboard; sourceTree = "<group>"; };
		355D3FFE277B19F100A97D7B /* Assets.xcassets */ = {isa = PBXFileReference; lastKnownFileType = folder.assetcatalog; path = Assets.xcassets; sourceTree = "<group>"; };
		355D4001277B19F100A97D7B /* Base */ = {isa = PBXFileReference; lastKnownFileType = file.storyboard; name = Base; path = Base.lproj/LaunchScreen.storyboard; sourceTree = "<group>"; };
		355D4003277B19F100A97D7B /* Info.plist */ = {isa = PBXFileReference; lastKnownFileType = text.plist.xml; path = Info.plist; sourceTree = "<group>"; };
		35E8FCEA277DC6800092D6CB /* logIn.swift */ = {isa = PBXFileReference; lastKnownFileType = sourcecode.swift; path = logIn.swift; sourceTree = "<group>"; };
		35E8FCEC277DEB500092D6CB /* GoogleService-Info.plist */ = {isa = PBXFileReference; fileEncoding = 4; lastKnownFileType = text.plist.xml; path = "GoogleService-Info.plist"; sourceTree = "<group>"; };
		35E8FCF5278193720092D6CB /* signUpPage.swift */ = {isa = PBXFileReference; lastKnownFileType = sourcecode.swift; path = signUpPage.swift; sourceTree = "<group>"; };
		35E8FCFE278582A80092D6CB /* translatorProfile.swift */ = {isa = PBXFileReference; lastKnownFileType = sourcecode.swift; path = translatorProfile.swift; sourceTree = "<group>"; };
		35E8FD0027859F220092D6CB /* transBio.swift */ = {isa = PBXFileReference; lastKnownFileType = sourcecode.swift; path = transBio.swift; sourceTree = "<group>"; };
		35E8FD02278720100092D6CB /* coustemTableCell.swift */ = {isa = PBXFileReference; lastKnownFileType = sourcecode.swift; path = coustemTableCell.swift; sourceTree = "<group>"; };
		35E8FD04279304990092D6CB /* homeTranslator.swift */ = {isa = PBXFileReference; lastKnownFileType = sourcecode.swift; path = homeTranslator.swift; sourceTree = "<group>"; };
		35E8FD0627930BC80092D6CB /* ordersPage.swift */ = {isa = PBXFileReference; lastKnownFileType = sourcecode.swift; path = ordersPage.swift; sourceTree = "<group>"; };
		35E8FD0827934E6E0092D6CB /* signAs.swift */ = {isa = PBXFileReference; lastKnownFileType = sourcecode.swift; path = signAs.swift; sourceTree = "<group>"; };
		35E8FD0C2796A8140092D6CB /* allTranslatorCell.swift */ = {isa = PBXFileReference; lastKnownFileType = sourcecode.swift; path = allTranslatorCell.swift; sourceTree = "<group>"; };
		35E8FD0E2796F7540092D6CB /* signUpTranslator.swift */ = {isa = PBXFileReference; lastKnownFileType = sourcecode.swift; path = signUpTranslator.swift; sourceTree = "<group>"; };
/* End PBXFileReference section */

/* Begin PBXFrameworksBuildPhase section */
		355D3FEF277B19EB00A97D7B /* Frameworks */ = {
			isa = PBXFrameworksBuildPhase;
			buildActionMask = 2147483647;
			files = (
				35E8FCF0277DEC590092D6CB /* FirebaseAuth in Frameworks */,
				35E8FCF2277DEC590092D6CB /* FirebaseFirestore in Frameworks */,
				35E8FCF4277DEC590092D6CB /* FirebaseStorage in Frameworks */,
			);
			runOnlyForDeploymentPostprocessing = 0;
		};
/* End PBXFrameworksBuildPhase section */

/* Begin PBXGroup section */
		355D3FE9277B19EB00A97D7B = {
			isa = PBXGroup;
			children = (
				355D3FF4277B19EB00A97D7B /* TranslatorsCom. */,
				355D3FF3277B19EB00A97D7B /* Products */,
			);
			sourceTree = "<group>";
		};
		355D3FF3277B19EB00A97D7B /* Products */ = {
			isa = PBXGroup;
			children = (
				355D3FF2277B19EB00A97D7B /* TranslatorsCom..app */,
			);
			name = Products;
			sourceTree = "<group>";
		};
		355D3FF4277B19EB00A97D7B /* TranslatorsCom. */ = {
			isa = PBXGroup;
			children = (
				35E8FCFC27847A060092D6CB /* model */,
				35E8FCFB278479E80092D6CB /* views */,
				35E8FCFD27847A380092D6CB /* controller */,
				355D3FF5277B19EB00A97D7B /* AppDelegate.swift */,
				355D3FF7277B19EB00A97D7B /* SceneDelegate.swift */,
				35E8FCFE278582A80092D6CB /* translatorProfile.swift */,
				355D3FFE277B19F100A97D7B /* Assets.xcassets */,
				355D4000277B19F100A97D7B /* LaunchScreen.storyboard */,
				355D4003277B19F100A97D7B /* Info.plist */,
				35E8FCEC277DEB500092D6CB /* GoogleService-Info.plist */,
			);
			path = TranslatorsCom.;
			sourceTree = "<group>";
		};
		35E8FCFB278479E80092D6CB /* views */ = {
			isa = PBXGroup;
			children = (
				355D3FFB277B19EB00A97D7B /* Main.storyboard */,
			);
			name = views;
			sourceTree = "<group>";
		};
		35E8FCFC27847A060092D6CB /* model */ = {
			isa = PBXGroup;
			children = (
				35E8FCEA277DC6800092D6CB /* logIn.swift */,
				35E8FCF5278193720092D6CB /* signUpPage.swift */,
			);
			name = model;
			sourceTree = "<group>";
		};
		35E8FCFD27847A380092D6CB /* controller */ = {
			isa = PBXGroup;
			children = (
				355D3FF9277B19EB00A97D7B /* ViewController.swift */,
				35E8FD02278720100092D6CB /* coustemTableCell.swift */,
				35E8FD0027859F220092D6CB /* transBio.swift */,
				35E8FD0E2796F7540092D6CB /* signUpTranslator.swift */,
				35E8FD04279304990092D6CB /* homeTranslator.swift */,
				35E8FD0C2796A8140092D6CB /* allTranslatorCell.swift */,
				35E8FD0827934E6E0092D6CB /* signAs.swift */,
				35E8FD0627930BC80092D6CB /* ordersPage.swift */,
			);
			name = controller;
			sourceTree = "<group>";
		};
/* End PBXGroup section */

/* Begin PBXNativeTarget section */
		355D3FF1277B19EB00A97D7B /* TranslatorsCom. */ = {
			isa = PBXNativeTarget;
			buildConfigurationList = 355D4006277B19F100A97D7B /* Build configuration list for PBXNativeTarget "TranslatorsCom." */;
			buildPhases = (
				355D3FEE277B19EB00A97D7B /* Sources */,
				355D3FEF277B19EB00A97D7B /* Frameworks */,
				355D3FF0277B19EB00A97D7B /* Resources */,
			);
			buildRules = (
			);
			dependencies = (
			);
			name = TranslatorsCom.;
			packageProductDependencies = (
				35E8FCEF277DEC590092D6CB /* FirebaseAuth */,
				35E8FCF1277DEC590092D6CB /* FirebaseFirestore */,
				35E8FCF3277DEC590092D6CB /* FirebaseStorage */,
			);
			productName = TranslatorsCom.;
			productReference = 355D3FF2277B19EB00A97D7B /* TranslatorsCom..app */;
			productType = "com.apple.product-type.application";
		};
/* End PBXNativeTarget section */

/* Begin PBXProject section */
		355D3FEA277B19EB00A97D7B /* Project object */ = {
			isa = PBXProject;
			attributes = {
				BuildIndependentTargetsInParallel = 1;
				LastSwiftUpdateCheck = 1320;
				LastUpgradeCheck = 1320;
				TargetAttributes = {
					355D3FF1277B19EB00A97D7B = {
						CreatedOnToolsVersion = 13.2.1;
					};
				};
			};
			buildConfigurationList = 355D3FED277B19EB00A97D7B /* Build configuration list for PBXProject "TranslatorsCom." */;
			compatibilityVersion = "Xcode 13.0";
			developmentRegion = en;
			hasScannedForEncodings = 0;
			knownRegions = (
				en,
				Base,
			);
			mainGroup = 355D3FE9277B19EB00A97D7B;
			packageReferences = (
				35E8FCEE277DEC590092D6CB /* XCRemoteSwiftPackageReference "firebase-ios-sdk" */,
			);
			productRefGroup = 355D3FF3277B19EB00A97D7B /* Products */;
			projectDirPath = "";
			projectRoot = "";
			targets = (
				355D3FF1277B19EB00A97D7B /* TranslatorsCom. */,
			);
		};
/* End PBXProject section */

/* Begin PBXResourcesBuildPhase section */
		355D3FF0277B19EB00A97D7B /* Resources */ = {
			isa = PBXResourcesBuildPhase;
			buildActionMask = 2147483647;
			files = (
				355D4002277B19F100A97D7B /* LaunchScreen.storyboard in Resources */,
				35E8FCED277DEB510092D6CB /* GoogleService-Info.plist in Resources */,
				355D3FFF277B19F100A97D7B /* Assets.xcassets in Resources */,
				355D3FFD277B19EB00A97D7B /* Main.storyboard in Resources */,
			);
			runOnlyForDeploymentPostprocessing = 0;
		};
/* End PBXResourcesBuildPhase section */

/* Begin PBXSourcesBuildPhase section */
		355D3FEE277B19EB00A97D7B /* Sources */ = {
			isa = PBXSourcesBuildPhase;
			buildActionMask = 2147483647;
			files = (
				355D3FFA277B19EB00A97D7B /* ViewController.swift in Sources */,
				35E8FD0D2796A8140092D6CB /* allTranslatorCell.swift in Sources */,
				35E8FD03278720100092D6CB /* coustemTableCell.swift in Sources */,
				35E8FCFF278582A80092D6CB /* translatorProfile.swift in Sources */,
				35E8FD05279304990092D6CB /* homeTranslator.swift in Sources */,
				35E8FCF6278193720092D6CB /* signUpPage.swift in Sources */,
				35E8FD0927934E6E0092D6CB /* signAs.swift in Sources */,
				35E8FD0727930BC80092D6CB /* ordersPage.swift in Sources */,
				35E8FD0F2796F7540092D6CB /* signUpTranslator.swift in Sources */,
				35E8FD0127859F220092D6CB /* transBio.swift in Sources */,
				355D3FF6277B19EB00A97D7B /* AppDelegate.swift in Sources */,
				355D3FF8277B19EB00A97D7B /* SceneDelegate.swift in Sources */,
				35E8FCEB277DC6800092D6CB /* logIn.swift in Sources */,
			);
			runOnlyForDeploymentPostprocessing = 0;
		};
/* End PBXSourcesBuildPhase section */

/* Begin PBXVariantGroup section */
		355D3FFB277B19EB00A97D7B /* Main.storyboard */ = {
			isa = PBXVariantGroup;
			children = (
				355D3FFC277B19EB00A97D7B /* Base */,
			);
			name = Main.storyboard;
			sourceTree = "<group>";
		};
		355D4000277B19F100A97D7B /* LaunchScreen.storyboard */ = {
			isa = PBXVariantGroup;
			children = (
				355D4001277B19F100A97D7B /* Base */,
			);
			name = LaunchScreen.storyboard;
			sourceTree = "<group>";
		};
/* End PBXVariantGroup section */

/* Begin XCBuildConfiguration section */
		355D4004277B19F100A97D7B /* Debug */ = {
			isa = XCBuildConfiguration;
			buildSettings = {
				ALWAYS_SEARCH_USER_PATHS = NO;
				CLANG_ANALYZER_NONNULL = YES;
				CLANG_ANALYZER_NUMBER_OBJECT_CONVERSION = YES_AGGRESSIVE;
				CLANG_CXX_LANGUAGE_STANDARD = "gnu++17";
				CLANG_CXX_LIBRARY = "libc++";
				CLANG_ENABLE_MODULES = YES;
				CLANG_ENABLE_OBJC_ARC = YES;
				CLANG_ENABLE_OBJC_WEAK = YES;
				CLANG_WARN_BLOCK_CAPTURE_AUTORELEASING = YES;
				CLANG_WARN_BOOL_CONVERSION = YES;
				CLANG_WARN_COMMA = YES;
				CLANG_WARN_CONSTANT_CONVERSION = YES;
				CLANG_WARN_DEPRECATED_OBJC_IMPLEMENTATIONS = YES;
				CLANG_WARN_DIRECT_OBJC_ISA_USAGE = YES_ERROR;
				CLANG_WARN_DOCUMENTATION_COMMENTS = YES;
				CLANG_WARN_EMPTY_BODY = YES;
				CLANG_WARN_ENUM_CONVERSION = YES;
				CLANG_WARN_INFINITE_RECURSION = YES;
				CLANG_WARN_INT_CONVERSION = YES;
				CLANG_WARN_NON_LITERAL_NULL_CONVERSION = YES;
				CLANG_WARN_OBJC_IMPLICIT_RETAIN_SELF = YES;
				CLANG_WARN_OBJC_LITERAL_CONVERSION = YES;
				CLANG_WARN_OBJC_ROOT_CLASS = YES_ERROR;
				CLANG_WARN_QUOTED_INCLUDE_IN_FRAMEWORK_HEADER = YES;
				CLANG_WARN_RANGE_LOOP_ANALYSIS = YES;
				CLANG_WARN_STRICT_PROTOTYPES = YES;
				CLANG_WARN_SUSPICIOUS_MOVE = YES;
				CLANG_WARN_UNGUARDED_AVAILABILITY = YES_AGGRESSIVE;
				CLANG_WARN_UNREACHABLE_CODE = YES;
				CLANG_WARN__DUPLICATE_METHOD_MATCH = YES;
				COPY_PHASE_STRIP = NO;
				DEBUG_INFORMATION_FORMAT = dwarf;
				ENABLE_STRICT_OBJC_MSGSEND = YES;
				ENABLE_TESTABILITY = YES;
				GCC_C_LANGUAGE_STANDARD = gnu11;
				GCC_DYNAMIC_NO_PIC = NO;
				GCC_NO_COMMON_BLOCKS = YES;
				GCC_OPTIMIZATION_LEVEL = 0;
				GCC_PREPROCESSOR_DEFINITIONS = (
					"DEBUG=1",
					"$(inherited)",
				);
				GCC_WARN_64_TO_32_BIT_CONVERSION = YES;
				GCC_WARN_ABOUT_RETURN_TYPE = YES_ERROR;
				GCC_WARN_UNDECLARED_SELECTOR = YES;
				GCC_WARN_UNINITIALIZED_AUTOS = YES_AGGRESSIVE;
				GCC_WARN_UNUSED_FUNCTION = YES;
				GCC_WARN_UNUSED_VARIABLE = YES;
				IPHONEOS_DEPLOYMENT_TARGET = 15.2;
				MTL_ENABLE_DEBUG_INFO = INCLUDE_SOURCE;
				MTL_FAST_MATH = YES;
				ONLY_ACTIVE_ARCH = YES;
				SDKROOT = iphoneos;
				SWIFT_ACTIVE_COMPILATION_CONDITIONS = DEBUG;
				SWIFT_OPTIMIZATION_LEVEL = "-Onone";
			};
			name = Debug;
		};
		355D4005277B19F100A97D7B /* Release */ = {
			isa = XCBuildConfiguration;
			buildSettings = {
				ALWAYS_SEARCH_USER_PATHS = NO;
				CLANG_ANALYZER_NONNULL = YES;
				CLANG_ANALYZER_NUMBER_OBJECT_CONVERSION = YES_AGGRESSIVE;
				CLANG_CXX_LANGUAGE_STANDARD = "gnu++17";
				CLANG_CXX_LIBRARY = "libc++";
				CLANG_ENABLE_MODULES = YES;
				CLANG_ENABLE_OBJC_ARC = YES;
				CLANG_ENABLE_OBJC_WEAK = YES;
				CLANG_WARN_BLOCK_CAPTURE_AUTORELEASING = YES;
				CLANG_WARN_BOOL_CONVERSION = YES;
				CLANG_WARN_COMMA = YES;
				CLANG_WARN_CONSTANT_CONVERSION = YES;
				CLANG_WARN_DEPRECATED_OBJC_IMPLEMENTATIONS = YES;
				CLANG_WARN_DIRECT_OBJC_ISA_USAGE = YES_ERROR;
				CLANG_WARN_DOCUMENTATION_COMMENTS = YES;
				CLANG_WARN_EMPTY_BODY = YES;
				CLANG_WARN_ENUM_CONVERSION = YES;
				CLANG_WARN_INFINITE_RECURSION = YES;
				CLANG_WARN_INT_CONVERSION = YES;
				CLANG_WARN_NON_LITERAL_NULL_CONVERSION = YES;
				CLANG_WARN_OBJC_IMPLICIT_RETAIN_SELF = YES;
				CLANG_WARN_OBJC_LITERAL_CONVERSION = YES;
				CLANG_WARN_OBJC_ROOT_CLASS = YES_ERROR;
				CLANG_WARN_QUOTED_INCLUDE_IN_FRAMEWORK_HEADER = YES;
				CLANG_WARN_RANGE_LOOP_ANALYSIS = YES;
				CLANG_WARN_STRICT_PROTOTYPES = YES;
				CLANG_WARN_SUSPICIOUS_MOVE = YES;
				CLANG_WARN_UNGUARDED_AVAILABILITY = YES_AGGRESSIVE;
				CLANG_WARN_UNREACHABLE_CODE = YES;
				CLANG_WARN__DUPLICATE_METHOD_MATCH = YES;
				COPY_PHASE_STRIP = NO;
				DEBUG_INFORMATION_FORMAT = "dwarf-with-dsym";
				ENABLE_NS_ASSERTIONS = NO;
				ENABLE_STRICT_OBJC_MSGSEND = YES;
				GCC_C_LANGUAGE_STANDARD = gnu11;
				GCC_NO_COMMON_BLOCKS = YES;
				GCC_WARN_64_TO_32_BIT_CONVERSION = YES;
				GCC_WARN_ABOUT_RETURN_TYPE = YES_ERROR;
				GCC_WARN_UNDECLARED_SELECTOR = YES;
				GCC_WARN_UNINITIALIZED_AUTOS = YES_AGGRESSIVE;
				GCC_WARN_UNUSED_FUNCTION = YES;
				GCC_WARN_UNUSED_VARIABLE = YES;
				IPHONEOS_DEPLOYMENT_TARGET = 15.2;
				MTL_ENABLE_DEBUG_INFO = NO;
				MTL_FAST_MATH = YES;
				SDKROOT = iphoneos;
				SWIFT_COMPILATION_MODE = wholemodule;
				SWIFT_OPTIMIZATION_LEVEL = "-O";
				VALIDATE_PRODUCT = YES;
			};
			name = Release;
		};
		355D4007277B19F100A97D7B /* Debug */ = {
			isa = XCBuildConfiguration;
			buildSettings = {
				ASSETCATALOG_COMPILER_APPICON_NAME = AppIcon;
				ASSETCATALOG_COMPILER_GLOBAL_ACCENT_COLOR_NAME = AccentColor;
				CODE_SIGN_STYLE = Automatic;
				CURRENT_PROJECT_VERSION = 1;
				DEVELOPMENT_TEAM = X49H3J4387;
				GENERATE_INFOPLIST_FILE = YES;
				INFOPLIST_FILE = TranslatorsCom./Info.plist;
				INFOPLIST_KEY_UIApplicationSupportsIndirectInputEvents = YES;
				INFOPLIST_KEY_UILaunchStoryboardName = LaunchScreen;
				INFOPLIST_KEY_UIMainStoryboardFile = Main;
				INFOPLIST_KEY_UISupportedInterfaceOrientations_iPad = "UIInterfaceOrientationPortrait UIInterfaceOrientationPortraitUpsideDown UIInterfaceOrientationLandscapeLeft UIInterfaceOrientationLandscapeRight";
				INFOPLIST_KEY_UISupportedInterfaceOrientations_iPhone = "UIInterfaceOrientationPortrait UIInterfaceOrientationLandscapeLeft UIInterfaceOrientationLandscapeRight";
				LD_RUNPATH_SEARCH_PATHS = (
					"$(inherited)",
					"@executable_path/Frameworks",
				);
				MARKETING_VERSION = 1.0;
				PRODUCT_BUNDLE_IDENTIFIER = "jn.TranslatorsCom-";
				PRODUCT_NAME = "$(TARGET_NAME)";
				SWIFT_EMIT_LOC_STRINGS = YES;
				SWIFT_VERSION = 5.0;
				TARGETED_DEVICE_FAMILY = "1,2";
			};
			name = Debug;
		};
		355D4008277B19F100A97D7B /* Release */ = {
			isa = XCBuildConfiguration;
			buildSettings = {
				ASSETCATALOG_COMPILER_APPICON_NAME = AppIcon;
				ASSETCATALOG_COMPILER_GLOBAL_ACCENT_COLOR_NAME = AccentColor;
				CODE_SIGN_STYLE = Automatic;
				CURRENT_PROJECT_VERSION = 1;
				DEVELOPMENT_TEAM = X49H3J4387;
				GENERATE_INFOPLIST_FILE = YES;
				INFOPLIST_FILE = TranslatorsCom./Info.plist;
				INFOPLIST_KEY_UIApplicationSupportsIndirectInputEvents = YES;
				INFOPLIST_KEY_UILaunchStoryboardName = LaunchScreen;
				INFOPLIST_KEY_UIMainStoryboardFile = Main;
				INFOPLIST_KEY_UISupportedInterfaceOrientations_iPad = "UIInterfaceOrientationPortrait UIInterfaceOrientationPortraitUpsideDown UIInterfaceOrientationLandscapeLeft UIInterfaceOrientationLandscapeRight";
				INFOPLIST_KEY_UISupportedInterfaceOrientations_iPhone = "UIInterfaceOrientationPortrait UIInterfaceOrientationLandscapeLeft UIInterfaceOrientationLandscapeRight";
				LD_RUNPATH_SEARCH_PATHS = (
					"$(inherited)",
					"@executable_path/Frameworks",
				);
				MARKETING_VERSION = 1.0;
				PRODUCT_BUNDLE_IDENTIFIER = "jn.TranslatorsCom-";
				PRODUCT_NAME = "$(TARGET_NAME)";
				SWIFT_EMIT_LOC_STRINGS = YES;
				SWIFT_VERSION = 5.0;
				TARGETED_DEVICE_FAMILY = "1,2";
			};
			name = Release;
		};
/* End XCBuildConfiguration section */

/* Begin XCConfigurationList section */
		355D3FED277B19EB00A97D7B /* Build configuration list for PBXProject "TranslatorsCom." */ = {
			isa = XCConfigurationList;
			buildConfigurations = (
				355D4004277B19F100A97D7B /* Debug */,
				355D4005277B19F100A97D7B /* Release */,
			);
			defaultConfigurationIsVisible = 0;
			defaultConfigurationName = Release;
		};
		355D4006277B19F100A97D7B /* Build configuration list for PBXNativeTarget "TranslatorsCom." */ = {
			isa = XCConfigurationList;
			buildConfigurations = (
				355D4007277B19F100A97D7B /* Debug */,
				355D4008277B19F100A97D7B /* Release */,
			);
			defaultConfigurationIsVisible = 0;
			defaultConfigurationName = Release;
		};
/* End XCConfigurationList section */

/* Begin XCRemoteSwiftPackageReference section */
		35E8FCEE277DEC590092D6CB /* XCRemoteSwiftPackageReference "firebase-ios-sdk" */ = {
			isa = XCRemoteSwiftPackageReference;
			repositoryURL = "https://github.com/firebase/firebase-ios-sdk";
			requirement = {
				branch = master;
				kind = branch;
			};
		};
/* End XCRemoteSwiftPackageReference section */

/* Begin XCSwiftPackageProductDependency section */
		35E8FCEF277DEC590092D6CB /* FirebaseAuth */ = {
			isa = XCSwiftPackageProductDependency;
			package = 35E8FCEE277DEC590092D6CB /* XCRemoteSwiftPackageReference "firebase-ios-sdk" */;
			productName = FirebaseAuth;
		};
		35E8FCF1277DEC590092D6CB /* FirebaseFirestore */ = {
			isa = XCSwiftPackageProductDependency;
			package = 35E8FCEE277DEC590092D6CB /* XCRemoteSwiftPackageReference "firebase-ios-sdk" */;
			productName = FirebaseFirestore;
		};
		35E8FCF3277DEC590092D6CB /* FirebaseStorage */ = {
			isa = XCSwiftPackageProductDependency;
			package = 35E8FCEE277DEC590092D6CB /* XCRemoteSwiftPackageReference "firebase-ios-sdk" */;
			productName = FirebaseStorage;
		};
/* End XCSwiftPackageProductDependency section */
	};
	rootObject = 355D3FEA277B19EB00A97D7B /* Project object */;
}
